
Microsoft Visual Studio Solution File, Format Version 12.00
# Visual Studio Version 17
VisualStudioVersion = 17.0.31903.59
MinimumVisualStudioVersion = 10.0.40219.1
Project("{2150E333-8FDC-42A3-9474-1A3956D46DE8}") = "src", "src", "{827E0CD3-B72D-47B6-A68D-7590B98EB39B}"
EndProject
Project("{FAE04EC0-301F-11D3-BF4B-00C04F79EFBC}") = "GmailToPst.Core", "src\GmailToPst.Core\GmailToPst.Core.csproj", "{5A40AEC0-2D23-4B33-B321-11DBFC25D668}"
EndProject
Project("{FAE04EC0-301F-11D3-BF4B-00C04F79EFBC}") = "GmailToPst.Providers", "src\GmailToPst.Providers\GmailToPst.Providers.csproj", "{2E5FEFEF-0537-473F-905F-55BF6185522B}"
EndProject
Project("{FAE04EC0-301F-11D3-BF4B-00C04F79EFBC}") = "GmailToPst.Storage", "src\GmailToPst.Storage\GmailToPst.Storage.csproj", "{693E982C-D117-42A8-8E68-30D957330DAF}"
EndProject
Project("{FAE04EC0-301F-11D3-BF4B-00C04F79EFBC}") = "GmailToPst.Exporters", "src\GmailToPst.Exporters\GmailToPst.Exporters.csproj", "{8DBF59EB-68BF-4B23-9E38-829E2CFAD267}"
EndProject
Project("{FAE04EC0-301F-11D3-BF4B-00C04F79EFBC}") = "GmailToPst.UI", "src\GmailToPst.UI\GmailToPst.UI.csproj", "{6337A5B9-848C-46C2-81B3-14A57153BD10}"
EndProject
Project("{2150E333-8FDC-42A3-9474-1A3956D46DE8}") = "tests", "tests", "{0AB3BF05-4346-4AA6-1389-037BE0695223}"
EndProject
Project("{FAE04EC0-301F-11D3-BF4B-00C04F79EFBC}") = "GmailToPst.Tests", "tests\GmailToPst.Tests\GmailToPst.Tests.csproj", "{83CB0D4C-F24A-4910-8AFB-DB10293454CF}"
EndProject
Global
	GlobalSection(SolutionConfigurationPlatforms) = preSolution
		Debug|Any CPU = Debug|Any CPU
		Debug|x64 = Debug|x64
		Debug|x86 = Debug|x86
		Release|Any CPU = Release|Any CPU
		Release|x64 = Release|x64
		Release|x86 = Release|x86
	EndGlobalSection
	GlobalSection(ProjectConfigurationPlatforms) = postSolution
		{5A40AEC0-2D23-4B33-B321-11DBFC25D668}.Debug|Any CPU.ActiveCfg = Debug|Any CPU
		{5A40AEC0-2D23-4B33-B321-11DBFC25D668}.Debug|Any CPU.Build.0 = Debug|Any CPU
		{5A40AEC0-2D23-4B33-B321-11DBFC25D668}.Debug|x64.ActiveCfg = Debug|Any CPU
		{5A40AEC0-2D23-4B33-B321-11DBFC25D668}.Debug|x64.Build.0 = Debug|Any CPU
		{5A40AEC0-2D23-4B33-B321-11DBFC25D668}.Debug|x86.ActiveCfg = Debug|Any CPU
		{5A40AEC0-2D23-4B33-B321-11DBFC25D668}.Debug|x86.Build.0 = Debug|Any CPU
		{5A40AEC0-2D23-4B33-B321-11DBFC25D668}.Release|Any CPU.ActiveCfg = Release|Any CPU
		{5A40AEC0-2D23-4B33-B321-11DBFC25D668}.Release|Any CPU.Build.0 = Release|Any CPU
		{5A40AEC0-2D23-4B33-B321-11DBFC25D668}.Release|x64.ActiveCfg = Release|Any CPU
		{5A40AEC0-2D23-4B33-B321-11DBFC25D668}.Release|x64.Build.0 = Release|Any CPU
		{5A40AEC0-2D23-4B33-B321-11DBFC25D668}.Release|x86.ActiveCfg = Release|Any CPU
		{5A40AEC0-2D23-4B33-B321-11DBFC25D668}.Release|x86.Build.0 = Release|Any CPU
		{2E5FEFEF-0537-473F-905F-55BF6185522B}.Debug|Any CPU.ActiveCfg = Debug|Any CPU
		{2E5FEFEF-0537-473F-905F-55BF6185522B}.Debug|Any CPU.Build.0 = Debug|Any CPU
		{2E5FEFEF-0537-473F-905F-55BF6185522B}.Debug|x64.ActiveCfg = Debug|Any CPU
		{2E5FEFEF-0537-473F-905F-55BF6185522B}.Debug|x64.Build.0 = Debug|Any CPU
		{2E5FEFEF-0537-473F-905F-55BF6185522B}.Debug|x86.ActiveCfg = Debug|Any CPU
		{2E5FEFEF-0537-473F-905F-55BF6185522B}.Debug|x86.Build.0 = Debug|Any CPU
		{2E5FEFEF-0537-473F-905F-55BF6185522B}.Release|Any CPU.ActiveCfg = Release|Any CPU
		{2E5FEFEF-0537-473F-905F-55BF6185522B}.Release|Any CPU.Build.0 = Release|Any CPU
		{2E5FEFEF-0537-473F-905F-55BF6185522B}.Release|x64.ActiveCfg = Release|Any CPU
		{2E5FEFEF-0537-473F-905F-55BF6185522B}.Release|x64.Build.0 = Release|Any CPU
		{2E5FEFEF-0537-473F-905F-55BF6185522B}.Release|x86.ActiveCfg = Release|Any CPU
		{2E5FEFEF-0537-473F-905F-55BF6185522B}.Release|x86.Build.0 = Release|Any CPU
		{693E982C-D117-42A8-8E68-30D957330DAF}.Debug|Any CPU.ActiveCfg = Debug|Any CPU
		{693E982C-D117-42A8-8E68-30D957330DAF}.Debug|Any CPU.Build.0 = Debug|Any CPU
		{693E982C-D117-42A8-8E68-30D957330DAF}.Debug|x64.ActiveCfg = Debug|Any CPU
		{693E982C-D117-42A8-8E68-30D957330DAF}.Debug|x64.Build.0 = Debug|Any CPU
		{693E982C-D117-42A8-8E68-30D957330DAF}.Debug|x86.ActiveCfg = Debug|Any CPU
		{693E982C-D117-42A8-8E68-30D957330DAF}.Debug|x86.Build.0 = Debug|Any CPU
		{693E982C-D117-42A8-8E68-30D957330DAF}.Release|Any CPU.ActiveCfg = Release|Any CPU
		{693E982C-D117-42A8-8E68-30D957330DAF}.Release|Any CPU.Build.0 = Release|Any CPU
		{693E982C-D117-42A8-8E68-30D957330DAF}.Release|x64.ActiveCfg = Release|Any CPU
		{693E982C-D117-42A8-8E68-30D957330DAF}.Release|x64.Build.0 = Release|Any CPU
		{693E982C-D117-42A8-8E68-30D957330DAF}.Release|x86.ActiveCfg = Release|Any CPU
		{693E982C-D117-42A8-8E68-30D957330DAF}.Release|x86.Build.0 = Release|Any CPU
		{8DBF59EB-68BF-4B23-9E38-829E2CFAD267}.Debug|Any CPU.ActiveCfg = Debug|Any CPU
		{8DBF59EB-68BF-4B23-9E38-829E2CFAD267}.Debug|Any CPU.Build.0 = Debug|Any CPU
		{8DBF59EB-68BF-4B23-9E38-829E2CFAD267}.Debug|x64.ActiveCfg = Debug|Any CPU
		{8DBF59EB-68BF-4B23-9E38-829E2CFAD267}.Debug|x64.Build.0 = Debug|Any CPU
		{8DBF59EB-68BF-4B23-9E38-829E2CFAD267}.Debug|x86.ActiveCfg = Debug|Any CPU
		{8DBF59EB-68BF-4B23-9E38-829E2CFAD267}.Debug|x86.Build.0 = Debug|Any CPU
		{8DBF59EB-68BF-4B23-9E38-829E2CFAD267}.Release|Any CPU.ActiveCfg = Release|Any CPU
		{8DBF59EB-68BF-4B23-9E38-829E2CFAD267}.Release|Any CPU.Build.0 = Release|Any CPU
		{8DBF59EB-68BF-4B23-9E38-829E2CFAD267}.Release|x64.ActiveCfg = Release|Any CPU
		{8DBF59EB-68BF-4B23-9E38-829E2CFAD267}.Release|x64.Build.0 = Release|Any CPU
		{8DBF59EB-68BF-4B23-9E38-829E2CFAD267}.Release|x86.ActiveCfg = Release|Any CPU
		{8DBF59EB-68BF-4B23-9E38-829E2CFAD267}.Release|x86.Build.0 = Release|Any CPU
		{6337A5B9-848C-46C2-81B3-14A57153BD10}.Debug|Any CPU.ActiveCfg = Debug|Any CPU
		{6337A5B9-848C-46C2-81B3-14A57153BD10}.Debug|Any CPU.Build.0 = Debug|Any CPU
		{6337A5B9-848C-46C2-81B3-14A57153BD10}.Debug|x64.ActiveCfg = Debug|Any CPU
		{6337A5B9-848C-46C2-81B3-14A57153BD10}.Debug|x64.Build.0 = Debug|Any CPU
		{6337A5B9-848C-46C2-81B3-14A57153BD10}.Debug|x86.ActiveCfg = Debug|Any CPU
		{6337A5B9-848C-46C2-81B3-14A57153BD10}.Debug|x86.Build.0 = Debug|Any CPU
		{6337A5B9-848C-46C2-81B3-14A57153BD10}.Release|Any CPU.ActiveCfg = Release|Any CPU
		{6337A5B9-848C-46C2-81B3-14A57153BD10}.Release|Any CPU.Build.0 = Release|Any CPU
		{6337A5B9-848C-46C2-81B3-14A57153BD10}.Release|x64.ActiveCfg = Release|Any CPU
		{6337A5B9-848C-46C2-81B3-14A57153BD10}.Release|x64.Build.0 = Release|Any CPU
		{6337A5B9-848C-46C2-81B3-14A57153BD10}.Release|x86.ActiveCfg = Release|Any CPU
		{6337A5B9-848C-46C2-81B3-14A57153BD10}.Release|x86.Build.0 = Release|Any CPU
		{83CB0D4C-F24A-4910-8AFB-DB10293454CF}.Debug|Any CPU.ActiveCfg = Debug|Any CPU
		{83CB0D4C-F24A-4910-8AFB-DB10293454CF}.Debug|Any CPU.Build.0 = Debug|Any CPU
		{83CB0D4C-F24A-4910-8AFB-DB10293454CF}.Debug|x64.ActiveCfg = Debug|Any CPU
		{83CB0D4C-F24A-4910-8AFB-DB10293454CF}.Debug|x64.Build.0 = Debug|Any CPU
		{83CB0D4C-F24A-4910-8AFB-DB10293454CF}.Debug|x86.ActiveCfg = Debug|Any CPU
		{83CB0D4C-F24A-4910-8AFB-DB10293454CF}.Debug|x86.Build.0 = Debug|Any CPU
		{83CB0D4C-F24A-4910-8AFB-DB10293454CF}.Release|Any CPU.ActiveCfg = Release|Any CPU
		{83CB0D4C-F24A-4910-8AFB-DB10293454CF}.Release|Any CPU.Build.0 = Release|Any CPU
		{83CB0D4C-F24A-4910-8AFB-DB10293454CF}.Release|x64.ActiveCfg = Release|Any CPU
		{83CB0D4C-F24A-4910-8AFB-DB10293454CF}.Release|x64.Build.0 = Release|Any CPU
		{83CB0D4C-F24A-4910-8AFB-DB10293454CF}.Release|x86.ActiveCfg = Release|Any CPU
		{83CB0D4C-F24A-4910-8AFB-DB10293454CF}.Release|x86.Build.0 = Release|Any CPU
	EndGlobalSection
	GlobalSection(SolutionProperties) = preSolution
		HideSolutionNode = FALSE
	EndGlobalSection
	GlobalSection(NestedProjects) = preSolution
		{5A40AEC0-2D23-4B33-B321-11DBFC25D668} = {827E0CD3-B72D-47B6-A68D-7590B98EB39B}
		{2E5FEFEF-0537-473F-905F-55BF6185522B} = {827E0CD3-B72D-47B6-A68D-7590B98EB39B}
		{693E982C-D117-42A8-8E68-30D957330DAF} = {827E0CD3-B72D-47B6-A68D-7590B98EB39B}
		{8DBF59EB-68BF-4B23-9E38-829E2CFAD267} = {827E0CD3-B72D-47B6-A68D-7590B98EB39B}
		{6337A5B9-848C-46C2-81B3-14A57153BD10} = {827E0CD3-B72D-47B6-A68D-7590B98EB39B}
		{83CB0D4C-F24A-4910-8AFB-DB10293454CF} = {0AB3BF05-4346-4AA6-1389-037BE0695223}
	EndGlobalSection
EndGlobal
